// !$*UTF8*$!
{
	archiveVersion = 1;
	classes = {
	};
	objectVersion = 56;
	objects = {

/* Begin PBXBuildFile section */
		CE8AB25E2BEC25B900DF43F0 /* AudioEngineTest_iOSApp.swift in Sources */ = {isa = PBXBuildFile; fileRef = CE8AB25D2BEC25B900DF43F0 /* AudioEngineTest_iOSApp.swift */; };
		CE8AB2602BEC25B900DF43F0 /* ContentView.swift in Sources */ = {isa = PBXBuildFile; fileRef = CE8AB25F2BEC25B900DF43F0 /* ContentView.swift */; };
		CE8AB2622BEC25BB00DF43F0 /* Assets.xcassets in Resources */ = {isa = PBXBuildFile; fileRef = CE8AB2612BEC25BB00DF43F0 /* Assets.xcassets */; };
		CE8AB2652BEC25BB00DF43F0 /* Preview Assets.xcassets in Resources */ = {isa = PBXBuildFile; fileRef = CE8AB2642BEC25BB00DF43F0 /* Preview Assets.xcassets */; };
		CE8AB26F2BEC25BB00DF43F0 /* AudioEngineTest_iOSTests.swift in Sources */ = {isa = PBXBuildFile; fileRef = CE8AB26E2BEC25BB00DF43F0 /* AudioEngineTest_iOSTests.swift */; };
		CE8AB2792BEC25BB00DF43F0 /* AudioEngineTest_iOSUITests.swift in Sources */ = {isa = PBXBuildFile; fileRef = CE8AB2782BEC25BB00DF43F0 /* AudioEngineTest_iOSUITests.swift */; };
		CE8AB27B2BEC25BB00DF43F0 /* AudioEngineTest_iOSUITestsLaunchTests.swift in Sources */ = {isa = PBXBuildFile; fileRef = CE8AB27A2BEC25BB00DF43F0 /* AudioEngineTest_iOSUITestsLaunchTests.swift */; };
		CE8AB2892BEC265E00DF43F0 /* MediaPlayer.framework in Frameworks */ = {isa = PBXBuildFile; fileRef = CE8AB2882BEC265E00DF43F0 /* MediaPlayer.framework */; };
/* End PBXBuildFile section */

/* Begin PBXContainerItemProxy section */
		CE8AB26B2BEC25BB00DF43F0 /* PBXContainerItemProxy */ = {
			isa = PBXContainerItemProxy;
			containerPortal = CE8AB2522BEC25B900DF43F0 /* Project object */;
			proxyType = 1;
			remoteGlobalIDString = CE8AB2592BEC25B900DF43F0;
			remoteInfo = SoxTest_iOS;
		};
		CE8AB2752BEC25BB00DF43F0 /* PBXContainerItemProxy */ = {
			isa = PBXContainerItemProxy;
			containerPortal = CE8AB2522BEC25B900DF43F0 /* Project object */;
			proxyType = 1;
			remoteGlobalIDString = CE8AB2592BEC25B900DF43F0;
			remoteInfo = SoxTest_iOS;
		};
/* End PBXContainerItemProxy section */

/* Begin PBXFileReference section */
		CE8AB25A2BEC25B900DF43F0 /* AudioEngineTest_iOS.app */ = {isa = PBXFileReference; explicitFileType = wrapper.application; includeInIndex = 0; path = AudioEngineTest_iOS.app; sourceTree = BUILT_PRODUCTS_DIR; };
		CE8AB25D2BEC25B900DF43F0 /* AudioEngineTest_iOSApp.swift */ = {isa = PBXFileReference; lastKnownFileType = sourcecode.swift; path = AudioEngineTest_iOSApp.swift; sourceTree = "<group>"; };
		CE8AB25F2BEC25B900DF43F0 /* ContentView.swift */ = {isa = PBXFileReference; lastKnownFileType = sourcecode.swift; path = ContentView.swift; sourceTree = "<group>"; };
		CE8AB2612BEC25BB00DF43F0 /* Assets.xcassets */ = {isa = PBXFileReference; lastKnownFileType = folder.assetcatalog; path = Assets.xcassets; sourceTree = "<group>"; };
		CE8AB2642BEC25BB00DF43F0 /* Preview Assets.xcassets */ = {isa = PBXFileReference; lastKnownFileType = folder.assetcatalog; path = "Preview Assets.xcassets"; sourceTree = "<group>"; };
		CE8AB26A2BEC25BB00DF43F0 /* AudioEngineTest_iOSTests.xctest */ = {isa = PBXFileReference; explicitFileType = wrapper.cfbundle; includeInIndex = 0; path = AudioEngineTest_iOSTests.xctest; sourceTree = BUILT_PRODUCTS_DIR; };
		CE8AB26E2BEC25BB00DF43F0 /* AudioEngineTest_iOSTests.swift */ = {isa = PBXFileReference; lastKnownFileType = sourcecode.swift; path = AudioEngineTest_iOSTests.swift; sourceTree = "<group>"; };
		CE8AB2742BEC25BB00DF43F0 /* AudioEngineTest_iOSUITests.xctest */ = {isa = PBXFileReference; explicitFileType = wrapper.cfbundle; includeInIndex = 0; path = AudioEngineTest_iOSUITests.xctest; sourceTree = BUILT_PRODUCTS_DIR; };
		CE8AB2782BEC25BB00DF43F0 /* AudioEngineTest_iOSUITests.swift */ = {isa = PBXFileReference; lastKnownFileType = sourcecode.swift; path = AudioEngineTest_iOSUITests.swift; sourceTree = "<group>"; };
		CE8AB27A2BEC25BB00DF43F0 /* AudioEngineTest_iOSUITestsLaunchTests.swift */ = {isa = PBXFileReference; lastKnownFileType = sourcecode.swift; path = AudioEngineTest_iOSUITestsLaunchTests.swift; sourceTree = "<group>"; };
		CE8AB2882BEC265E00DF43F0 /* MediaPlayer.framework */ = {isa = PBXFileReference; lastKnownFileType = wrapper.framework; name = MediaPlayer.framework; path = System/Library/Frameworks/MediaPlayer.framework; sourceTree = SDKROOT; };
		CE8AB28A2BEC292200DF43F0 /* StoreKitTest.framework */ = {isa = PBXFileReference; lastKnownFileType = wrapper.framework; name = StoreKitTest.framework; path = Platforms/iPhoneOS.platform/Developer/Library/Frameworks/StoreKitTest.framework; sourceTree = DEVELOPER_DIR; };
/* End PBXFileReference section */

/* Begin PBXFrameworksBuildPhase section */
		CE8AB2572BEC25B900DF43F0 /* Frameworks */ = {
			isa = PBXFrameworksBuildPhase;
			buildActionMask = 2147483647;
			files = (
				CE8AB2892BEC265E00DF43F0 /* MediaPlayer.framework in Frameworks */,
			);
			runOnlyForDeploymentPostprocessing = 0;
		};
		CE8AB2672BEC25BB00DF43F0 /* Frameworks */ = {
			isa = PBXFrameworksBuildPhase;
			buildActionMask = 2147483647;
			files = (
			);
			runOnlyForDeploymentPostprocessing = 0;
		};
		CE8AB2712BEC25BB00DF43F0 /* Frameworks */ = {
			isa = PBXFrameworksBuildPhase;
			buildActionMask = 2147483647;
			files = (
			);
			runOnlyForDeploymentPostprocessing = 0;
		};
/* End PBXFrameworksBuildPhase section */

/* Begin PBXGroup section */
		CE8AB2512BEC25B900DF43F0 = {
			isa = PBXGroup;
			children = (
				CE8AB25C2BEC25B900DF43F0 /* AudioEngineTest_iOS */,
				CE8AB26D2BEC25BB00DF43F0 /* AudioEngineTest_iOSTests */,
				CE8AB2772BEC25BB00DF43F0 /* AudioEngineTest_iOSUITests */,
				CE8AB25B2BEC25B900DF43F0 /* Products */,
				CE8AB2872BEC265D00DF43F0 /* Frameworks */,
			);
			sourceTree = "<group>";
		};
		CE8AB25B2BEC25B900DF43F0 /* Products */ = {
			isa = PBXGroup;
			children = (
				CE8AB25A2BEC25B900DF43F0 /* AudioEngineTest_iOS.app */,
				CE8AB26A2BEC25BB00DF43F0 /* AudioEngineTest_iOSTests.xctest */,
				CE8AB2742BEC25BB00DF43F0 /* AudioEngineTest_iOSUITests.xctest */,
			);
			name = Products;
			sourceTree = "<group>";
		};
		CE8AB25C2BEC25B900DF43F0 /* AudioEngineTest_iOS */ = {
			isa = PBXGroup;
			children = (
				CE8AB25D2BEC25B900DF43F0 /* AudioEngineTest_iOSApp.swift */,
				CE8AB25F2BEC25B900DF43F0 /* ContentView.swift */,
				CE8AB2612BEC25BB00DF43F0 /* Assets.xcassets */,
				CE8AB2632BEC25BB00DF43F0 /* Preview Content */,
			);
			path = AudioEngineTest_iOS;
			sourceTree = "<group>";
		};
		CE8AB2632BEC25BB00DF43F0 /* Preview Content */ = {
			isa = PBXGroup;
			children = (
				CE8AB2642BEC25BB00DF43F0 /* Preview Assets.xcassets */,
			);
			path = "Preview Content";
			sourceTree = "<group>";
		};
		CE8AB26D2BEC25BB00DF43F0 /* AudioEngineTest_iOSTests */ = {
			isa = PBXGroup;
			children = (
				CE8AB26E2BEC25BB00DF43F0 /* AudioEngineTest_iOSTests.swift */,
			);
			path = AudioEngineTest_iOSTests;
			sourceTree = "<group>";
		};
		CE8AB2772BEC25BB00DF43F0 /* AudioEngineTest_iOSUITests */ = {
			isa = PBXGroup;
			children = (
				CE8AB2782BEC25BB00DF43F0 /* AudioEngineTest_iOSUITests.swift */,
				CE8AB27A2BEC25BB00DF43F0 /* AudioEngineTest_iOSUITestsLaunchTests.swift */,
			);
			path = AudioEngineTest_iOSUITests;
			sourceTree = "<group>";
		};
		CE8AB2872BEC265D00DF43F0 /* Frameworks */ = {
			isa = PBXGroup;
			children = (
				CE8AB28A2BEC292200DF43F0 /* StoreKitTest.framework */,
				CE8AB2882BEC265E00DF43F0 /* MediaPlayer.framework */,
			);
			name = Frameworks;
			sourceTree = "<group>";
		};
/* End PBXGroup section */

/* Begin PBXNativeTarget section */
		CE8AB2592BEC25B900DF43F0 /* AudioEngineTest_iOS */ = {
			isa = PBXNativeTarget;
			buildConfigurationList = CE8AB27E2BEC25BB00DF43F0 /* Build configuration list for PBXNativeTarget "AudioEngineTest_iOS" */;
			buildPhases = (
				CE8AB2562BEC25B900DF43F0 /* Sources */,
				CE8AB2572BEC25B900DF43F0 /* Frameworks */,
				CE8AB2582BEC25B900DF43F0 /* Resources */,
			);
			buildRules = (
			);
			dependencies = (
			);
			name = AudioEngineTest_iOS;
			productName = SoxTest_iOS;
			productReference = CE8AB25A2BEC25B900DF43F0 /* AudioEngineTest_iOS.app */;
			productType = "com.apple.product-type.application";
		};
		CE8AB2692BEC25BB00DF43F0 /* AudioEngineTest_iOSTests */ = {
			isa = PBXNativeTarget;
			buildConfigurationList = CE8AB2812BEC25BB00DF43F0 /* Build configuration list for PBXNativeTarget "AudioEngineTest_iOSTests" */;
			buildPhases = (
				CE8AB2662BEC25BB00DF43F0 /* Sources */,
				CE8AB2672BEC25BB00DF43F0 /* Frameworks */,
				CE8AB2682BEC25BB00DF43F0 /* Resources */,
			);
			buildRules = (
			);
			dependencies = (
				CE8AB26C2BEC25BB00DF43F0 /* PBXTargetDependency */,
			);
			name = AudioEngineTest_iOSTests;
			productName = SoxTest_iOSTests;
			productReference = CE8AB26A2BEC25BB00DF43F0 /* AudioEngineTest_iOSTests.xctest */;
			productType = "com.apple.product-type.bundle.unit-test";
		};
		CE8AB2732BEC25BB00DF43F0 /* AudioEngineTest_iOSUITests */ = {
			isa = PBXNativeTarget;
			buildConfigurationList = CE8AB2842BEC25BB00DF43F0 /* Build configuration list for PBXNativeTarget "AudioEngineTest_iOSUITests" */;
			buildPhases = (
				CE8AB2702BEC25BB00DF43F0 /* Sources */,
				CE8AB2712BEC25BB00DF43F0 /* Frameworks */,
				CE8AB2722BEC25BB00DF43F0 /* Resources */,
			);
			buildRules = (
			);
			dependencies = (
				CE8AB2762BEC25BB00DF43F0 /* PBXTargetDependency */,
			);
			name = AudioEngineTest_iOSUITests;
			productName = SoxTest_iOSUITests;
			productReference = CE8AB2742BEC25BB00DF43F0 /* AudioEngineTest_iOSUITests.xctest */;
			productType = "com.apple.product-type.bundle.ui-testing";
		};
/* End PBXNativeTarget section */

/* Begin PBXProject section */
		CE8AB2522BEC25B900DF43F0 /* Project object */ = {
			isa = PBXProject;
			attributes = {
				BuildIndependentTargetsInParallel = 1;
				LastSwiftUpdateCheck = 1500;
				LastUpgradeCheck = 1500;
				TargetAttributes = {
					CE8AB2592BEC25B900DF43F0 = {
						CreatedOnToolsVersion = 15.0.1;
					};
					CE8AB2692BEC25BB00DF43F0 = {
						CreatedOnToolsVersion = 15.0.1;
						TestTargetID = CE8AB2592BEC25B900DF43F0;
					};
					CE8AB2732BEC25BB00DF43F0 = {
						CreatedOnToolsVersion = 15.0.1;
						TestTargetID = CE8AB2592BEC25B900DF43F0;
					};
				};
			};
			buildConfigurationList = CE8AB2552BEC25B900DF43F0 /* Build configuration list for PBXProject "AudioEngineTest_iOS" */;
			compatibilityVersion = "Xcode 14.0";
			developmentRegion = en;
			hasScannedForEncodings = 0;
			knownRegions = (
				en,
				Base,
			);
			mainGroup = CE8AB2512BEC25B900DF43F0;
			productRefGroup = CE8AB25B2BEC25B900DF43F0 /* Products */;
			projectDirPath = "";
			projectRoot = "";
			targets = (
				CE8AB2592BEC25B900DF43F0 /* AudioEngineTest_iOS */,
				CE8AB2692BEC25BB00DF43F0 /* AudioEngineTest_iOSTests */,
				CE8AB2732BEC25BB00DF43F0 /* AudioEngineTest_iOSUITests */,
			);
		};
/* End PBXProject section */

/* Begin PBXResourcesBuildPhase section */
		CE8AB2582BEC25B900DF43F0 /* Resources */ = {
			isa = PBXResourcesBuildPhase;
			buildActionMask = 2147483647;
			files = (
				CE8AB2652BEC25BB00DF43F0 /* Preview Assets.xcassets in Resources */,
				CE8AB2622BEC25BB00DF43F0 /* Assets.xcassets in Resources */,
			);
			runOnlyForDeploymentPostprocessing = 0;
		};
		CE8AB2682BEC25BB00DF43F0 /* Resources */ = {
			isa = PBXResourcesBuildPhase;
			buildActionMask = 2147483647;
			files = (
			);
			runOnlyForDeploymentPostprocessing = 0;
		};
		CE8AB2722BEC25BB00DF43F0 /* Resources */ = {
			isa = PBXResourcesBuildPhase;
			buildActionMask = 2147483647;
			files = (
			);
			runOnlyForDeploymentPostprocessing = 0;
		};
/* End PBXResourcesBuildPhase section */

/* Begin PBXSourcesBuildPhase section */
		CE8AB2562BEC25B900DF43F0 /* Sources */ = {
			isa = PBXSourcesBuildPhase;
			buildActionMask = 2147483647;
			files = (
				CE8AB2602BEC25B900DF43F0 /* ContentView.swift in Sources */,
				CE8AB25E2BEC25B900DF43F0 /* AudioEngineTest_iOSApp.swift in Sources */,
			);
			runOnlyForDeploymentPostprocessing = 0;
		};
		CE8AB2662BEC25BB00DF43F0 /* Sources */ = {
			isa = PBXSourcesBuildPhase;
			buildActionMask = 2147483647;
			files = (
				CE8AB26F2BEC25BB00DF43F0 /* AudioEngineTest_iOSTests.swift in Sources */,
			);
			runOnlyForDeploymentPostprocessing = 0;
		};
		CE8AB2702BEC25BB00DF43F0 /* Sources */ = {
			isa = PBXSourcesBuildPhase;
			buildActionMask = 2147483647;
			files = (
				CE8AB2792BEC25BB00DF43F0 /* AudioEngineTest_iOSUITests.swift in Sources */,
				CE8AB27B2BEC25BB00DF43F0 /* AudioEngineTest_iOSUITestsLaunchTests.swift in Sources */,
			);
			runOnlyForDeploymentPostprocessing = 0;
		};
/* End PBXSourcesBuildPhase section */

/* Begin PBXTargetDependency section */
		CE8AB26C2BEC25BB00DF43F0 /* PBXTargetDependency */ = {
			isa = PBXTargetDependency;
			target = CE8AB2592BEC25B900DF43F0 /* AudioEngineTest_iOS */;
			targetProxy = CE8AB26B2BEC25BB00DF43F0 /* PBXContainerItemProxy */;
		};
		CE8AB2762BEC25BB00DF43F0 /* PBXTargetDependency */ = {
			isa = PBXTargetDependency;
			target = CE8AB2592BEC25B900DF43F0 /* AudioEngineTest_iOS */;
			targetProxy = CE8AB2752BEC25BB00DF43F0 /* PBXContainerItemProxy */;
		};
/* End PBXTargetDependency section */

/* Begin XCBuildConfiguration section */
		CE8AB27C2BEC25BB00DF43F0 /* Debug */ = {
			isa = XCBuildConfiguration;
			buildSettings = {
				ALWAYS_SEARCH_USER_PATHS = NO;
				ASSETCATALOG_COMPILER_GENERATE_SWIFT_ASSET_SYMBOL_EXTENSIONS = YES;
				CLANG_ANALYZER_NONNULL = YES;
				CLANG_ANALYZER_NUMBER_OBJECT_CONVERSION = YES_AGGRESSIVE;
				CLANG_CXX_LANGUAGE_STANDARD = "gnu++20";
				CLANG_ENABLE_MODULES = YES;
				CLANG_ENABLE_OBJC_ARC = YES;
				CLANG_ENABLE_OBJC_WEAK = YES;
				CLANG_WARN_BLOCK_CAPTURE_AUTORELEASING = YES;
				CLANG_WARN_BOOL_CONVERSION = YES;
				CLANG_WARN_COMMA = YES;
				CLANG_WARN_CONSTANT_CONVERSION = YES;
				CLANG_WARN_DEPRECATED_OBJC_IMPLEMENTATIONS = YES;
				CLANG_WARN_DIRECT_OBJC_ISA_USAGE = YES_ERROR;
				CLANG_WARN_DOCUMENTATION_COMMENTS = YES;
				CLANG_WARN_EMPTY_BODY = YES;
				CLANG_WARN_ENUM_CONVERSION = YES;
				CLANG_WARN_INFINITE_RECURSION = YES;
				CLANG_WARN_INT_CONVERSION = YES;
				CLANG_WARN_NON_LITERAL_NULL_CONVERSION = YES;
				CLANG_WARN_OBJC_IMPLICIT_RETAIN_SELF = YES;
				CLANG_WARN_OBJC_LITERAL_CONVERSION = YES;
				CLANG_WARN_OBJC_ROOT_CLASS = YES_ERROR;
				CLANG_WARN_QUOTED_INCLUDE_IN_FRAMEWORK_HEADER = YES;
				CLANG_WARN_RANGE_LOOP_ANALYSIS = YES;
				CLANG_WARN_STRICT_PROTOTYPES = YES;
				CLANG_WARN_SUSPICIOUS_MOVE = YES;
				CLANG_WARN_UNGUARDED_AVAILABILITY = YES_AGGRESSIVE;
				CLANG_WARN_UNREACHABLE_CODE = YES;
				CLANG_WARN__DUPLICATE_METHOD_MATCH = YES;
				COPY_PHASE_STRIP = NO;
				DEBUG_INFORMATION_FORMAT = dwarf;
				ENABLE_STRICT_OBJC_MSGSEND = YES;
				ENABLE_TESTABILITY = YES;
				ENABLE_USER_SCRIPT_SANDBOXING = YES;
				GCC_C_LANGUAGE_STANDARD = gnu17;
				GCC_DYNAMIC_NO_PIC = NO;
				GCC_NO_COMMON_BLOCKS = YES;
				GCC_OPTIMIZATION_LEVEL = 0;
				GCC_PREPROCESSOR_DEFINITIONS = (
					"DEBUG=1",
					"$(inherited)",
				);
				GCC_WARN_64_TO_32_BIT_CONVERSION = YES;
				GCC_WARN_ABOUT_RETURN_TYPE = YES_ERROR;
				GCC_WARN_UNDECLARED_SELECTOR = YES;
				GCC_WARN_UNINITIALIZED_AUTOS = YES_AGGRESSIVE;
				GCC_WARN_UNUSED_FUNCTION = YES;
				GCC_WARN_UNUSED_VARIABLE = YES;
				IPHONEOS_DEPLOYMENT_TARGET = 17.0;
				LOCALIZATION_PREFERS_STRING_CATALOGS = YES;
				MTL_ENABLE_DEBUG_INFO = INCLUDE_SOURCE;
				MTL_FAST_MATH = YES;
				ONLY_ACTIVE_ARCH = YES;
				SDKROOT = iphoneos;
				SWIFT_ACTIVE_COMPILATION_CONDITIONS = "DEBUG $(inherited)";
				SWIFT_OPTIMIZATION_LEVEL = "-Onone";
			};
			name = Debug;
		};
		CE8AB27D2BEC25BB00DF43F0 /* Release */ = {
			isa = XCBuildConfiguration;
			buildSettings = {
				ALWAYS_SEARCH_USER_PATHS = NO;
				ASSETCATALOG_COMPILER_GENERATE_SWIFT_ASSET_SYMBOL_EXTENSIONS = YES;
				CLANG_ANALYZER_NONNULL = YES;
				CLANG_ANALYZER_NUMBER_OBJECT_CONVERSION = YES_AGGRESSIVE;
				CLANG_CXX_LANGUAGE_STANDARD = "gnu++20";
				CLANG_ENABLE_MODULES = YES;
				CLANG_ENABLE_OBJC_ARC = YES;
				CLANG_ENABLE_OBJC_WEAK = YES;
				CLANG_WARN_BLOCK_CAPTURE_AUTORELEASING = YES;
				CLANG_WARN_BOOL_CONVERSION = YES;
				CLANG_WARN_COMMA = YES;
				CLANG_WARN_CONSTANT_CONVERSION = YES;
				CLANG_WARN_DEPRECATED_OBJC_IMPLEMENTATIONS = YES;
				CLANG_WARN_DIRECT_OBJC_ISA_USAGE = YES_ERROR;
				CLANG_WARN_DOCUMENTATION_COMMENTS = YES;
				CLANG_WARN_EMPTY_BODY = YES;
				CLANG_WARN_ENUM_CONVERSION = YES;
				CLANG_WARN_INFINITE_RECURSION = YES;
				CLANG_WARN_INT_CONVERSION = YES;
				CLANG_WARN_NON_LITERAL_NULL_CONVERSION = YES;
				CLANG_WARN_OBJC_IMPLICIT_RETAIN_SELF = YES;
				CLANG_WARN_OBJC_LITERAL_CONVERSION = YES;
				CLANG_WARN_OBJC_ROOT_CLASS = YES_ERROR;
				CLANG_WARN_QUOTED_INCLUDE_IN_FRAMEWORK_HEADER = YES;
				CLANG_WARN_RANGE_LOOP_ANALYSIS = YES;
				CLANG_WARN_STRICT_PROTOTYPES = YES;
				CLANG_WARN_SUSPICIOUS_MOVE = YES;
				CLANG_WARN_UNGUARDED_AVAILABILITY = YES_AGGRESSIVE;
				CLANG_WARN_UNREACHABLE_CODE = YES;
				CLANG_WARN__DUPLICATE_METHOD_MATCH = YES;
				COPY_PHASE_STRIP = NO;
				DEBUG_INFORMATION_FORMAT = "dwarf-with-dsym";
				ENABLE_NS_ASSERTIONS = NO;
				ENABLE_STRICT_OBJC_MSGSEND = YES;
				ENABLE_USER_SCRIPT_SANDBOXING = YES;
				GCC_C_LANGUAGE_STANDARD = gnu17;
				GCC_NO_COMMON_BLOCKS = YES;
				GCC_WARN_64_TO_32_BIT_CONVERSION = YES;
				GCC_WARN_ABOUT_RETURN_TYPE = YES_ERROR;
				GCC_WARN_UNDECLARED_SELECTOR = YES;
				GCC_WARN_UNINITIALIZED_AUTOS = YES_AGGRESSIVE;
				GCC_WARN_UNUSED_FUNCTION = YES;
				GCC_WARN_UNUSED_VARIABLE = YES;
				IPHONEOS_DEPLOYMENT_TARGET = 17.0;
				LOCALIZATION_PREFERS_STRING_CATALOGS = YES;
				MTL_ENABLE_DEBUG_INFO = NO;
				MTL_FAST_MATH = YES;
				SDKROOT = iphoneos;
				SWIFT_COMPILATION_MODE = wholemodule;
				VALIDATE_PRODUCT = YES;
			};
			name = Release;
		};
		CE8AB27F2BEC25BB00DF43F0 /* Debug */ = {
			isa = XCBuildConfiguration;
			buildSettings = {
				ASSETCATALOG_COMPILER_APPICON_NAME = AppIcon;
				ASSETCATALOG_COMPILER_GLOBAL_ACCENT_COLOR_NAME = AccentColor;
				CODE_SIGN_STYLE = Automatic;
				CURRENT_PROJECT_VERSION = 1;
				DEVELOPMENT_ASSET_PATHS = "\"AudioEngineTest_iOS/Preview Content\"";
				DEVELOPMENT_TEAM = XJV93C8ZJ5;
				ENABLE_PREVIEWS = YES;
				GENERATE_INFOPLIST_FILE = YES;
				INFOPLIST_KEY_NSAppleMusicUsageDescription = Music;
				INFOPLIST_KEY_UIApplicationSceneManifest_Generation = YES;
				INFOPLIST_KEY_UIApplicationSupportsIndirectInputEvents = YES;
				INFOPLIST_KEY_UILaunchScreen_Generation = YES;
				INFOPLIST_KEY_UISupportedInterfaceOrientations_iPad = "UIInterfaceOrientationPortrait UIInterfaceOrientationPortraitUpsideDown UIInterfaceOrientationLandscapeLeft UIInterfaceOrientationLandscapeRight";
				INFOPLIST_KEY_UISupportedInterfaceOrientations_iPhone = "UIInterfaceOrientationPortrait UIInterfaceOrientationLandscapeLeft UIInterfaceOrientationLandscapeRight";
				LD_RUNPATH_SEARCH_PATHS = (
					"$(inherited)",
					"@executable_path/Frameworks",
				);
				MARKETING_VERSION = 1.0;
				PRODUCT_BUNDLE_IDENTIFIER = "jatx.SoxTest-iOS";
				PRODUCT_NAME = "$(TARGET_NAME)";
				SWIFT_EMIT_LOC_STRINGS = YES;
				SWIFT_VERSION = 5.0;
				TARGETED_DEVICE_FAMILY = "1,2";
			};
			name = Debug;
		};
		CE8AB2802BEC25BB00DF43F0 /* Release */ = {
			isa = XCBuildConfiguration;
			buildSettings = {
				ASSETCATALOG_COMPILER_APPICON_NAME = AppIcon;
				ASSETCATALOG_COMPILER_GLOBAL_ACCENT_COLOR_NAME = AccentColor;
				CODE_SIGN_STYLE = Automatic;
				CURRENT_PROJECT_VERSION = 1;
				DEVELOPMENT_ASSET_PATHS = "\"AudioEngineTest_iOS/Preview Content\"";
				DEVELOPMENT_TEAM = XJV93C8ZJ5;
				ENABLE_PREVIEWS = YES;
				GENERATE_INFOPLIST_FILE = YES;
				INFOPLIST_KEY_NSAppleMusicUsageDescription = Music;
				INFOPLIST_KEY_UIApplicationSceneManifest_Generation = YES;
				INFOPLIST_KEY_UIApplicationSupportsIndirectInputEvents = YES;
				INFOPLIST_KEY_UILaunchScreen_Generation = YES;
				INFOPLIST_KEY_UISupportedInterfaceOrientations_iPad = "UIInterfaceOrientationPortrait UIInterfaceOrientationPortraitUpsideDown UIInterfaceOrientationLandscapeLeft UIInterfaceOrientationLandscapeRight";
				INFOPLIST_KEY_UISupportedInterfaceOrientations_iPhone = "UIInterfaceOrientationPortrait UIInterfaceOrientationLandscapeLeft UIInterfaceOrientationLandscapeRight";
				LD_RUNPATH_SEARCH_PATHS = (
					"$(inherited)",
					"@executable_path/Frameworks",
				);
				MARKETING_VERSION = 1.0;
				PRODUCT_BUNDLE_IDENTIFIER = "jatx.SoxTest-iOS";
				PRODUCT_NAME = "$(TARGET_NAME)";
				SWIFT_EMIT_LOC_STRINGS = YES;
				SWIFT_VERSION = 5.0;
				TARGETED_DEVICE_FAMILY = "1,2";
			};
			name = Release;
		};
		CE8AB2822BEC25BB00DF43F0 /* Debug */ = {
			isa = XCBuildConfiguration;
			buildSettings = {
				ALWAYS_EMBED_SWIFT_STANDARD_LIBRARIES = YES;
				BUNDLE_LOADER = "$(TEST_HOST)";
				CODE_SIGN_STYLE = Automatic;
				CURRENT_PROJECT_VERSION = 1;
				DEVELOPMENT_TEAM = XJV93C8ZJ5;
				GENERATE_INFOPLIST_FILE = YES;
				IPHONEOS_DEPLOYMENT_TARGET = 17.0;
				MARKETING_VERSION = 1.0;
				PRODUCT_BUNDLE_IDENTIFIER = "jatx.SoxTest-iOSTests";
				PRODUCT_NAME = "$(TARGET_NAME)";
				SWIFT_EMIT_LOC_STRINGS = NO;
				SWIFT_VERSION = 5.0;
				TARGETED_DEVICE_FAMILY = "1,2";
				TEST_HOST = "$(BUILT_PRODUCTS_DIR)/AudioEngineTest_iOS.app/$(BUNDLE_EXECUTABLE_FOLDER_PATH)/AudioEngineTest_iOS";
			};
			name = Debug;
		};
		CE8AB2832BEC25BB00DF43F0 /* Release */ = {
			isa = XCBuildConfiguration;
			buildSettings = {
				ALWAYS_EMBED_SWIFT_STANDARD_LIBRARIES = YES;
				BUNDLE_LOADER = "$(TEST_HOST)";
				CODE_SIGN_STYLE = Automatic;
				CURRENT_PROJECT_VERSION = 1;
				DEVELOPMENT_TEAM = XJV93C8ZJ5;
				GENERATE_INFOPLIST_FILE = YES;
				IPHONEOS_DEPLOYMENT_TARGET = 17.0;
				MARKETING_VERSION = 1.0;
				PRODUCT_BUNDLE_IDENTIFIER = "jatx.SoxTest-iOSTests";
				PRODUCT_NAME = "$(TARGET_NAME)";
				SWIFT_EMIT_LOC_STRINGS = NO;
				SWIFT_VERSION = 5.0;
				TARGETED_DEVICE_FAMILY = "1,2";
				TEST_HOST = "$(BUILT_PRODUCTS_DIR)/AudioEngineTest_iOS.app/$(BUNDLE_EXECUTABLE_FOLDER_PATH)/AudioEngineTest_iOS";
			};
			name = Release;
		};
		CE8AB2852BEC25BB00DF43F0 /* Debug */ = {
			isa = XCBuildConfiguration;
			buildSettings = {
				ALWAYS_EMBED_SWIFT_STANDARD_LIBRARIES = YES;
				CODE_SIGN_STYLE = Automatic;
				CURRENT_PROJECT_VERSION = 1;
				DEVELOPMENT_TEAM = XJV93C8ZJ5;
				GENERATE_INFOPLIST_FILE = YES;
				MARKETING_VERSION = 1.0;
				PRODUCT_BUNDLE_IDENTIFIER = "jatx.SoxTest-iOSUITests";
				PRODUCT_NAME = "$(TARGET_NAME)";
				SWIFT_EMIT_LOC_STRINGS = NO;
				SWIFT_VERSION = 5.0;
				TARGETED_DEVICE_FAMILY = "1,2";
				TEST_TARGET_NAME = SoxTest_iOS;
			};
			name = Debug;
		};
		CE8AB2862BEC25BB00DF43F0 /* Release */ = {
			isa = XCBuildConfiguration;
			buildSettings = {
				ALWAYS_EMBED_SWIFT_STANDARD_LIBRARIES = YES;
				CODE_SIGN_STYLE = Automatic;
				CURRENT_PROJECT_VERSION = 1;
				DEVELOPMENT_TEAM = XJV93C8ZJ5;
				GENERATE_INFOPLIST_FILE = YES;
				MARKETING_VERSION = 1.0;
				PRODUCT_BUNDLE_IDENTIFIER = "jatx.SoxTest-iOSUITests";
				PRODUCT_NAME = "$(TARGET_NAME)";
				SWIFT_EMIT_LOC_STRINGS = NO;
				SWIFT_VERSION = 5.0;
				TARGETED_DEVICE_FAMILY = "1,2";
				TEST_TARGET_NAME = SoxTest_iOS;
			};
			name = Release;
		};
/* End XCBuildConfiguration section */

/* Begin XCConfigurationList section */
		CE8AB2552BEC25B900DF43F0 /* Build configuration list for PBXProject "AudioEngineTest_iOS" */ = {
			isa = XCConfigurationList;
			buildConfigurations = (
				CE8AB27C2BEC25BB00DF43F0 /* Debug */,
				CE8AB27D2BEC25BB00DF43F0 /* Release */,
			);
			defaultConfigurationIsVisible = 0;
			defaultConfigurationName = Release;
		};
		CE8AB27E2BEC25BB00DF43F0 /* Build configuration list for PBXNativeTarget "AudioEngineTest_iOS" */ = {
			isa = XCConfigurationList;
			buildConfigurations = (
				CE8AB27F2BEC25BB00DF43F0 /* Debug */,
				CE8AB2802BEC25BB00DF43F0 /* Release */,
			);
			defaultConfigurationIsVisible = 0;
			defaultConfigurationName = Release;
		};
		CE8AB2812BEC25BB00DF43F0 /* Build configuration list for PBXNativeTarget "AudioEngineTest_iOSTests" */ = {
			isa = XCConfigurationList;
			buildConfigurations = (
				CE8AB2822BEC25BB00DF43F0 /* Debug */,
				CE8AB2832BEC25BB00DF43F0 /* Release */,
			);
			defaultConfigurationIsVisible = 0;
			defaultConfigurationName = Release;
		};
		CE8AB2842BEC25BB00DF43F0 /* Build configuration list for PBXNativeTarget "AudioEngineTest_iOSUITests" */ = {
			isa = XCConfigurationList;
			buildConfigurations = (
				CE8AB2852BEC25BB00DF43F0 /* Debug */,
				CE8AB2862BEC25BB00DF43F0 /* Release */,
			);
			defaultConfigurationIsVisible = 0;
			defaultConfigurationName = Release;
		};
/* End XCConfigurationList section */
	};
	rootObject = CE8AB2522BEC25B900DF43F0 /* Project object */;
}
